PODS:
  - FBSnapshotTestCase (2.1.4):
    - FBSnapshotTestCase/SwiftSupport (= 2.1.4)
  - FBSnapshotTestCase/Core (2.1.4)
  - FBSnapshotTestCase/SwiftSupport (2.1.4):
    - FBSnapshotTestCase/Core
  - Starscream (4.0.4)
  - SwiftDate (6.3.1)
  - SwiftProtobuf (1.20.3)
  - TeneasyChatSDK_iOS (1.0.2):
    - Starscream (= 4.0.4)
    - SwiftProtobuf (~> 1.20.3)

DEPENDENCIES:
  - FBSnapshotTestCase (~> 2.1.4)
  - SwiftDate (~> 6.3.1)
  - TeneasyChatSDK_iOS (from `../`)

SPEC REPOS:
  trunk:
    - FBSnapshotTestCase
    - Starscream
    - SwiftDate
    - SwiftProtobuf

EXTERNAL SOURCES:
  TeneasyChatSDK_iOS:
    :path: "../"

SPEC CHECKSUMS:
  FBSnapshotTestCase: 094f9f314decbabe373b87cc339bea235a63e07a
  Starscream: 5178aed56b316f13fa3bc55694e583d35dd414d9
  SwiftDate: 72d28954e8e1c6c1c0f917ccc8005e4f83c7d4b2
  SwiftProtobuf: b02b5075dcf60c9f5f403000b3b0c202a11b6ae1
  TeneasyChatSDK_iOS: cbdbe4195fb1b803fff5226a8e559bf48daf8a1c

PODFILE CHECKSUM: 60e686ea63ddff02b71e5a2c68c715ecb64f0eda

COCOAPODS: 1.12.1
