PODS:
  - FBSnapshotTestCase (2.1.4):
    - FBSnapshotTestCase/SwiftSupport (= 2.1.4)
  - FBSnapshotTestCase/Core (2.1.4)
  - FBSnapshotTestCase/SwiftSupport (2.1.4):
    - FBSnapshotTestCase/Core
  - TeneasyChatSDK_iOS (0.1.0)

DEPENDENCIES:
  - FBSnapshotTestCase (~> 2.1.4)
  - TeneasyChatSDK_iOS (from `../`)

SPEC REPOS:
  trunk:
    - FBSnapshotTestCase

EXTERNAL SOURCES:
  TeneasyChatSDK_iOS:
    :path: "../"

SPEC CHECKSUMS:
  FBSnapshotTestCase: 094f9f314decbabe373b87cc339bea235a63e07a
  TeneasyChatSDK_iOS: a2d739223930c2c9868acd3ba85e14206dda501f

PODFILE CHECKSUM: ad5d666c59ca2b108edeafcd8fc900c9df8e2203

COCOAPODS: 1.11.3
